
Microsoft Visual Studio Solution File, Format Version 12.00
# Visual Studio Version 17
VisualStudioVersion = 17.5.002.0
MinimumVisualStudioVersion = 10.0.40219.1
Project("{9A19103F-16F7-4668-BE54-9A1E7A4F7556}") = "BookHive", "BookHive.csproj", "{E976041B-F82F-4001-918E-EF3F581E3258}"
EndProject
Global
	GlobalSection(SolutionConfigurationPlatforms) = preSolution
		Debug|Any CPU = Debug|Any CPU
		Release|Any CPU = Release|Any CPU
	EndGlobalSection
	GlobalSection(ProjectConfigurationPlatforms) = postSolution
		{E976041B-F82F-4001-918E-EF3F581E3258}.Debug|Any CPU.ActiveCfg = Debug|Any CPU
		{E976041B-F82F-4001-918E-EF3F581E3258}.Debug|Any CPU.Build.0 = Debug|Any CPU
		{E976041B-F82F-4001-918E-EF3F581E3258}.Release|Any CPU.ActiveCfg = Release|Any CPU
		{E976041B-F82F-4001-918E-EF3F581E3258}.Release|Any CPU.Build.0 = Release|Any CPU
	EndGlobalSection
	GlobalSection(SolutionProperties) = preSolution
		HideSolutionNode = FALSE
	EndGlobalSection
	GlobalSection(ExtensibilityGlobals) = postSolution
		SolutionGuid = {BD24E1F2-A8CD-4579-B02B-2B4BCE2B110C}
	EndGlobalSection
EndGlobal
